
Microsoft Visual Studio Solution File, Format Version 12.00
# Visual Studio Version 17
VisualStudioVersion = 17.4.33110.190
MinimumVisualStudioVersion = 10.0.40219.1
Project("{FAE04EC0-301F-11D3-BF4B-00C04F79EFBC}") = "Fizzler", "Fizzler.csproj", "{1ABAE1DF-4C9B-4CE4-AEF6-DF4C8761B937}"
EndProject
Global
	GlobalSection(SolutionConfigurationPlatforms) = preSolution
		Debug|Any CPU = Debug|Any CPU
		Release|Any CPU = Release|Any CPU
	EndGlobalSection
	GlobalSection(ProjectConfigurationPlatforms) = postSolution
		{1ABAE1DF-4C9B-4CE4-AEF6-DF4C8761B937}.Debug|Any CPU.ActiveCfg = Debug|Any CPU
		{1ABAE1DF-4C9B-4CE4-AEF6-DF4C8761B937}.Debug|Any CPU.Build.0 = Debug|Any CPU
		{1ABAE1DF-4C9B-4CE4-AEF6-DF4C8761B937}.Release|Any CPU.ActiveCfg = Release|Any CPU
		{1ABAE1DF-4C9B-4CE4-AEF6-DF4C8761B937}.Release|Any CPU.Build.0 = Release|Any CPU
	EndGlobalSection
	GlobalSection(SolutionProperties) = preSolution
		HideSolutionNode = FALSE
	EndGlobalSection
	GlobalSection(ExtensibilityGlobals) = postSolution
		SolutionGuid = {647EEF1A-40EA-4B81-8473-C8C96E83BC10}
	EndGlobalSection
EndGlobal
